{
  "name": "webflowers",
  "version": "1.0.0",
  "lockfileVersion": 1,
  "requires": true,
  "dependencies": {
    "@types/three": {
      "version": "0.92.5",
      "resolved": "https://registry.npmjs.org/@types/three/-/three-0.92.5.tgz",
      "integrity": "sha512-kM8BBQ55b9334A83Pv8X9Gp374V6Fm9c1/FdVFrYdq3nH9YbA+nuqmMWBfUmHSlEfuQwujBHAd3DiiW+O7f08Q==",
      "requires": {
        "@types/webvr-api": "*"
      }
    },
    "@types/webvr-api": {
      "version": "0.0.34",
      "resolved": "https://registry.npmjs.org/@types/webvr-api/-/webvr-api-0.0.34.tgz",
      "integrity": "sha512-gVAPKK+L1blPJCFnUDmkIdRfIU8xbwl05MDXPRjnjoeDXUUzR6frPuyx9RQz+OCodmxlBcJOkjVTMTZi1BcuZw=="
    }
  }
}
